
Microsoft Visual Studio Solution File, Format Version 12.00
# Visual Studio 15
Project("{FAE04EC0-301F-11D3-BF4B-00C04F79EFBC}") = "Assembly-CSharp", "Assembly-CSharp.csproj", "{CF8ABD4B-658E-770D-ADC5-11BBD7BD58D1}"
EndProject
Project("{FAE04EC0-301F-11D3-BF4B-00C04F79EFBC}") = "ControllerSample", "ControllerSample.csproj", "{C2D9149D-6D95-BA15-E3A0-2AC61A192DC4}"
EndProject
Project("{FAE04EC0-301F-11D3-BF4B-00C04F79EFBC}") = "Unity.XR.Interaction.Toolkit.Samples.StarterAssets", "Unity.XR.Interaction.Toolkit.Samples.StarterAssets.csproj", "{50EBA02E-803C-6DB0-3EE1-63908C5C77E3}"
EndProject
Project("{FAE04EC0-301F-11D3-BF4B-00C04F79EFBC}") = "Unity.XR.Interaction.Toolkit.Samples.StarterAssets.Editor", "Unity.XR.Interaction.Toolkit.Samples.StarterAssets.Editor.csproj", "{4C664FAF-1E00-5D36-E060-7DB57A00658C}"
EndProject
Global
	GlobalSection(SolutionConfigurationPlatforms) = preSolution
		Debug|Any CPU = Debug|Any CPU
		Release|Any CPU = Release|Any CPU
	EndGlobalSection
	GlobalSection(ProjectConfigurationPlatforms) = postSolution
		{CF8ABD4B-658E-770D-ADC5-11BBD7BD58D1}.Debug|Any CPU.ActiveCfg = Debug|Any CPU
		{CF8ABD4B-658E-770D-ADC5-11BBD7BD58D1}.Debug|Any CPU.Build.0 = Debug|Any CPU
		{CF8ABD4B-658E-770D-ADC5-11BBD7BD58D1}.Release|Any CPU.ActiveCfg = Release|Any CPU
		{CF8ABD4B-658E-770D-ADC5-11BBD7BD58D1}.Release|Any CPU.Build.0 = Release|Any CPU
		{C2D9149D-6D95-BA15-E3A0-2AC61A192DC4}.Debug|Any CPU.ActiveCfg = Debug|Any CPU
		{C2D9149D-6D95-BA15-E3A0-2AC61A192DC4}.Debug|Any CPU.Build.0 = Debug|Any CPU
		{C2D9149D-6D95-BA15-E3A0-2AC61A192DC4}.Release|Any CPU.ActiveCfg = Release|Any CPU
		{C2D9149D-6D95-BA15-E3A0-2AC61A192DC4}.Release|Any CPU.Build.0 = Release|Any CPU
		{50EBA02E-803C-6DB0-3EE1-63908C5C77E3}.Debug|Any CPU.ActiveCfg = Debug|Any CPU
		{50EBA02E-803C-6DB0-3EE1-63908C5C77E3}.Debug|Any CPU.Build.0 = Debug|Any CPU
		{50EBA02E-803C-6DB0-3EE1-63908C5C77E3}.Release|Any CPU.ActiveCfg = Release|Any CPU
		{50EBA02E-803C-6DB0-3EE1-63908C5C77E3}.Release|Any CPU.Build.0 = Release|Any CPU
		{4C664FAF-1E00-5D36-E060-7DB57A00658C}.Debug|Any CPU.ActiveCfg = Debug|Any CPU
		{4C664FAF-1E00-5D36-E060-7DB57A00658C}.Debug|Any CPU.Build.0 = Debug|Any CPU
		{4C664FAF-1E00-5D36-E060-7DB57A00658C}.Release|Any CPU.ActiveCfg = Release|Any CPU
		{4C664FAF-1E00-5D36-E060-7DB57A00658C}.Release|Any CPU.Build.0 = Release|Any CPU
	EndGlobalSection
	GlobalSection(SolutionProperties) = preSolution
		HideSolutionNode = FALSE
	EndGlobalSection
EndGlobal
